// !$*UTF8*$!
{
	archiveVersion = 1;
	classes = {
	};
	objectVersion = 45;
	objects = {

/* Begin PBXBuildFile section */
		2E2E1E431165CCFA00ACCC4E /* hello.cpp in Sources */ = {isa = PBXBuildFile; fileRef = 2E2E1E421165CCFA00ACCC4E /* hello.cpp */; };
		2E2E1E4A1165CD5200ACCC4E /* libcv.dylib in Frameworks */ = {isa = PBXBuildFile; fileRef = 2E2E1E451165CD5200ACCC4E /* libcv.dylib */; };
		2E2E1E4B1165CD5200ACCC4E /* libcvaux.dylib in Frameworks */ = {isa = PBXBuildFile; fileRef = 2E2E1E461165CD5200ACCC4E /* libcvaux.dylib */; };
		2E2E1E4C1165CD5200ACCC4E /* libcxcore.dylib in Frameworks */ = {isa = PBXBuildFile; fileRef = 2E2E1E471165CD5200ACCC4E /* libcxcore.dylib */; };
		2E2E1E4D1165CD5200ACCC4E /* libhighgui.dylib in Frameworks */ = {isa = PBXBuildFile; fileRef = 2E2E1E481165CD5200ACCC4E /* libhighgui.dylib */; };
		2E2E1E4E1165CD5200ACCC4E /* libml.dylib in Frameworks */ = {isa = PBXBuildFile; fileRef = 2E2E1E491165CD5200ACCC4E /* libml.dylib */; };
		8DD76F6A0486A84900D96B5E /* Cocoa_QTKit_64.1 in CopyFiles */ = {isa = PBXBuildFile; fileRef = C6859E8B029090EE04C91782 /* Cocoa_QTKit_64.1 */; };
/* End PBXBuildFile section */

/* Begin PBXCopyFilesBuildPhase section */
		8DD76F690486A84900D96B5E /* CopyFiles */ = {
			isa = PBXCopyFilesBuildPhase;
			buildActionMask = 8;
			dstPath = /usr/share/man/man1/;
			dstSubfolderSpec = 0;
			files = (
				8DD76F6A0486A84900D96B5E /* Cocoa_QTKit_64.1 in CopyFiles */,
			);
			runOnlyForDeploymentPostprocessing = 1;
		};
/* End PBXCopyFilesBuildPhase section */

/* Begin PBXFileReference section */
		2E2E1E421165CCFA00ACCC4E /* hello.cpp */ = {isa = PBXFileReference; fileEncoding = 4; lastKnownFileType = sourcecode.cpp.cpp; path = hello.cpp; sourceTree = SOURCE_ROOT; };
		2E2E1E451165CD5200ACCC4E /* libcv.dylib */ = {isa = PBXFileReference; lastKnownFileType = "compiled.mach-o.dylib"; name = libcv.dylib; path = /usr/local/lib/libcv.dylib; sourceTree = "<absolute>"; };
		2E2E1E461165CD5200ACCC4E /* libcvaux.dylib */ = {isa = PBXFileReference; lastKnownFileType = "compiled.mach-o.dylib"; name = libcvaux.dylib; path = /usr/local/lib/libcvaux.dylib; sourceTree = "<absolute>"; };
		2E2E1E471165CD5200ACCC4E /* libcxcore.dylib */ = {isa = PBXFileReference; lastKnownFileType = "compiled.mach-o.dylib"; name = libcxcore.dylib; path = /usr/local/lib/libcxcore.dylib; sourceTree = "<absolute>"; };
		2E2E1E481165CD5200ACCC4E /* libhighgui.dylib */ = {isa = PBXFileReference; lastKnownFileType = "compiled.mach-o.dylib"; name = libhighgui.dylib; path = /usr/local/lib/libhighgui.dylib; sourceTree = "<absolute>"; };
		2E2E1E491165CD5200ACCC4E /* libml.dylib */ = {isa = PBXFileReference; lastKnownFileType = "compiled.mach-o.dylib"; name = libml.dylib; path = /usr/local/lib/libml.dylib; sourceTree = "<absolute>"; };
		8DD76F6C0486A84900D96B5E /* Cocoa_QTKit_64 */ = {isa = PBXFileReference; explicitFileType = "compiled.mach-o.executable"; includeInIndex = 0; path = Cocoa_QTKit_64; sourceTree = BUILT_PRODUCTS_DIR; };
		C6859E8B029090EE04C91782 /* Cocoa_QTKit_64.1 */ = {isa = PBXFileReference; lastKnownFileType = text.man; path = Cocoa_QTKit_64.1; sourceTree = "<group>"; };
/* End PBXFileReference section */

/* Begin PBXFrameworksBuildPhase section */
		8DD76F660486A84900D96B5E /* Frameworks */ = {
			isa = PBXFrameworksBuildPhase;
			buildActionMask = 2147483647;
			files = (
				2E2E1E4A1165CD5200ACCC4E /* libcv.dylib in Frameworks */,
				2E2E1E4B1165CD5200ACCC4E /* libcvaux.dylib in Frameworks */,
				2E2E1E4C1165CD5200ACCC4E /* libcxcore.dylib in Frameworks */,
				2E2E1E4D1165CD5200ACCC4E /* libhighgui.dylib in Frameworks */,
				2E2E1E4E1165CD5200ACCC4E /* libml.dylib in Frameworks */,
			);
			runOnlyForDeploymentPostprocessing = 0;
		};
/* End PBXFrameworksBuildPhase section */

/* Begin PBXGroup section */
		08FB7794FE84155DC02AAC07 /* Cocoa_QTKit_64 */ = {
			isa = PBXGroup;
			children = (
				08FB7795FE84155DC02AAC07 /* Source */,
				2E2E1E441165CD1A00ACCC4E /* OpenCV libraries */,
				C6859E8C029090F304C91782 /* Documentation */,
				1AB674ADFE9D54B511CA2CBB /* Products */,
			);
			name = Cocoa_QTKit_64;
			sourceTree = "<group>";
		};
		08FB7795FE84155DC02AAC07 /* Source */ = {
			isa = PBXGroup;
			children = (
				2E2E1E421165CCFA00ACCC4E /* hello.cpp */,
			);
			name = Source;
			sourceTree = "<group>";
		};
		1AB674ADFE9D54B511CA2CBB /* Products */ = {
			isa = PBXGroup;
			children = (
				8DD76F6C0486A84900D96B5E /* Cocoa_QTKit_64 */,
			);
			name = Products;
			sourceTree = "<group>";
		};
		2E2E1E441165CD1A00ACCC4E /* OpenCV libraries */ = {
			isa = PBXGroup;
			children = (
				2E2E1E451165CD5200ACCC4E /* libcv.dylib */,
				2E2E1E461165CD5200ACCC4E /* libcvaux.dylib */,
				2E2E1E471165CD5200ACCC4E /* libcxcore.dylib */,
				2E2E1E481165CD5200ACCC4E /* libhighgui.dylib */,
				2E2E1E491165CD5200ACCC4E /* libml.dylib */,
			);
			name = "OpenCV libraries";
			sourceTree = "<group>";
		};
		C6859E8C029090F304C91782 /* Documentation */ = {
			isa = PBXGroup;
			children = (
				C6859E8B029090EE04C91782 /* Cocoa_QTKit_64.1 */,
			);
			name = Documentation;
			sourceTree = "<group>";
		};
/* End PBXGroup section */

/* Begin PBXNativeTarget section */
		8DD76F620486A84900D96B5E /* Cocoa_QTKit_64 */ = {
			isa = PBXNativeTarget;
			buildConfigurationList = 1DEB923108733DC60010E9CD /* Build configuration list for PBXNativeTarget "Cocoa_QTKit_64" */;
			buildPhases = (
				8DD76F640486A84900D96B5E /* Sources */,
				8DD76F660486A84900D96B5E /* Frameworks */,
				8DD76F690486A84900D96B5E /* CopyFiles */,
			);
			buildRules = (
			);
			dependencies = (
			);
			name = Cocoa_QTKit_64;
			productInstallPath = "$(HOME)/bin";
			productName = Cocoa_QTKit_64;
			productReference = 8DD76F6C0486A84900D96B5E /* Cocoa_QTKit_64 */;
			productType = "com.apple.product-type.tool";
		};
/* End PBXNativeTarget section */

/* Begin PBXProject section */
		08FB7793FE84155DC02AAC07 /* Project object */ = {
			isa = PBXProject;
			buildConfigurationList = 1DEB923508733DC60010E9CD /* Build configuration list for PBXProject "Cocoa_QTKit_64" */;
			compatibilityVersion = "Xcode 3.1";
			hasScannedForEncodings = 1;
			mainGroup = 08FB7794FE84155DC02AAC07 /* Cocoa_QTKit_64 */;
			projectDirPath = "";
			projectRoot = "";
			targets = (
				8DD76F620486A84900D96B5E /* Cocoa_QTKit_64 */,
			);
		};
/* End PBXProject section */

/* Begin PBXSourcesBuildPhase section */
		8DD76F640486A84900D96B5E /* Sources */ = {
			isa = PBXSourcesBuildPhase;
			buildActionMask = 2147483647;
			files = (
				2E2E1E431165CCFA00ACCC4E /* hello.cpp in Sources */,
			);
			runOnlyForDeploymentPostprocessing = 0;
		};
/* End PBXSourcesBuildPhase section */

/* Begin XCBuildConfiguration section */
		1DEB923208733DC60010E9CD /* Debug */ = {
			isa = XCBuildConfiguration;
			buildSettings = {
				ALWAYS_SEARCH_USER_PATHS = NO;
				COPY_PHASE_STRIP = NO;
				GCC_DYNAMIC_NO_PIC = NO;
				GCC_ENABLE_FIX_AND_CONTINUE = YES;
				GCC_MODEL_TUNING = G5;
				GCC_OPTIMIZATION_LEVEL = 0;
				GCC_PREPROCESSOR_DEFINITIONS = (
					"_GLIBCXX_DEBUG=1",
					"_GLIBCXX_DEBUG_PEDANTIC=1",
				);
				INSTALL_PATH = /usr/local/bin;
				PRODUCT_NAME = Cocoa_QTKit_64;
			};
			name = Debug;
		};
		1DEB923308733DC60010E9CD /* Release */ = {
			isa = XCBuildConfiguration;
			buildSettings = {
				ALWAYS_SEARCH_USER_PATHS = NO;
				DEBUG_INFORMATION_FORMAT = "dwarf-with-dsym";
				GCC_MODEL_TUNING = G5;
				INSTALL_PATH = /usr/local/bin;
				PRODUCT_NAME = Cocoa_QTKit_64;
			};
			name = Release;
		};
		1DEB923608733DC60010E9CD /* Debug */ = {
			isa = XCBuildConfiguration;
			buildSettings = {
				ARCHS = "$(ARCHS_STANDARD_32_64_BIT)";
				CONFIGURATION_BUILD_DIR = .;
				GCC_C_LANGUAGE_STANDARD = gnu99;
				GCC_OPTIMIZATION_LEVEL = 0;
				GCC_WARN_ABOUT_RETURN_TYPE = YES;
				GCC_WARN_UNUSED_VARIABLE = YES;
				HEADER_SEARCH_PATHS = /usr/local/include/opencv;
				ONLY_ACTIVE_ARCH = YES;
				PREBINDING = NO;
				SDKROOT = macosx10.6;
			};
			name = Debug;
		};
		1DEB923708733DC60010E9CD /* Release */ = {
			isa = XCBuildConfiguration;
			buildSettings = {
				ARCHS = "$(ARCHS_STANDARD_32_64_BIT)";
				GCC_C_LANGUAGE_STANDARD = gnu99;
				GCC_WARN_ABOUT_RETURN_TYPE = YES;
				GCC_WARN_UNUSED_VARIABLE = YES;
				PREBINDING = NO;
				SDKROOT = macosx10.6;
			};
			name = Release;
		};
/* End XCBuildConfiguration section */

/* Begin XCConfigurationList section */
		1DEB923108733DC60010E9CD /* Build configuration list for PBXNativeTarget "Cocoa_QTKit_64" */ = {
			isa = XCConfigurationList;
			buildConfigurations = (
				1DEB923208733DC60010E9CD /* Debug */,
				1DEB923308733DC60010E9CD /* Release */,
			);
			defaultConfigurationIsVisible = 0;
			defaultConfigurationName = Release;
		};
		1DEB923508733DC60010E9CD /* Build configuration list for PBXProject "Cocoa_QTKit_64" */ = {
			isa = XCConfigurationList;
			buildConfigurations = (
				1DEB923608733DC60010E9CD /* Debug */,
				1DEB923708733DC60010E9CD /* Release */,
			);
			defaultConfigurationIsVisible = 0;
			defaultConfigurationName = Release;
		};
/* End XCConfigurationList section */
	};
	rootObject = 08FB7793FE84155DC02AAC07 /* Project object */;
}
