// !$*UTF8*$!
{
	archiveVersion = 1;
	classes = {
	};
	objectVersion = 45;
	objects = {

/* Begin PBXBuildFile section */
		2E49E110110D799F00176010 /* OpenCV.framework in Frameworks */ = {isa = PBXBuildFile; fileRef = 2ED7B33310E7879F0080D7C9 /* OpenCV.framework */; };
		2E49E129110D79B300176010 /* util.cpp in Sources */ = {isa = PBXBuildFile; fileRef = 2E0180FC10F8586A00978B21 /* util.cpp */; };
		2E49E12A110D79B300176010 /* extract.cpp in Sources */ = {isa = PBXBuildFile; fileRef = 2E3CBDF810E8EB05004F7109 /* extract.cpp */; };
		2E49E12B110D79B300176010 /* train.cpp in Sources */ = {isa = PBXBuildFile; fileRef = 2E3CBEB110E8F596004F7109 /* train.cpp */; };
		2E49E12C110D79B300176010 /* adaboost.cpp in Sources */ = {isa = PBXBuildFile; fileRef = 2E3CBEB010E8F596004F7109 /* adaboost.cpp */; };
		2ED7B35810E7893A0080D7C9 /* OpenCV.framework in Frameworks */ = {isa = PBXBuildFile; fileRef = 2ED7B33310E7879F0080D7C9 /* OpenCV.framework */; };
		2ED7B37310E78A500080D7C9 /* gen_neg.cpp in Sources */ = {isa = PBXBuildFile; fileRef = 2ED7B35610E7891B0080D7C9 /* gen_neg.cpp */; };
/* End PBXBuildFile section */

/* Begin PBXFileReference section */
		2E0180FC10F8586A00978B21 /* util.cpp */ = {isa = PBXFileReference; fileEncoding = 4; lastKnownFileType = sourcecode.cpp.cpp; name = util.cpp; path = ../../src/util.cpp; sourceTree = SOURCE_ROOT; };
		2E37465F10FB6E4400C1DC11 /* adaboost.h */ = {isa = PBXFileReference; fileEncoding = 4; lastKnownFileType = sourcecode.c.h; name = adaboost.h; path = ../../include/adaboost.h; sourceTree = SOURCE_ROOT; };
		2E3CBDF810E8EB05004F7109 /* extract.cpp */ = {isa = PBXFileReference; fileEncoding = 4; lastKnownFileType = sourcecode.cpp.cpp; name = extract.cpp; path = ../../src/extract.cpp; sourceTree = "<group>"; };
		2E3CBE0F10E8EC2D004F7109 /* extract.h */ = {isa = PBXFileReference; fileEncoding = 4; lastKnownFileType = sourcecode.c.h; name = extract.h; path = ../../include/extract.h; sourceTree = "<group>"; };
		2E3CBEB010E8F596004F7109 /* adaboost.cpp */ = {isa = PBXFileReference; fileEncoding = 4; lastKnownFileType = sourcecode.cpp.cpp; name = adaboost.cpp; path = ../../src/adaboost.cpp; sourceTree = "<group>"; };
		2E3CBEB110E8F596004F7109 /* train.cpp */ = {isa = PBXFileReference; fileEncoding = 4; lastKnownFileType = sourcecode.cpp.cpp; name = train.cpp; path = ../../src/train.cpp; sourceTree = "<group>"; };
		2E49E10B110D797700176010 /* train */ = {isa = PBXFileReference; explicitFileType = "compiled.mach-o.executable"; includeInIndex = 0; name = train; path = ../../../../../../bin/mac/train; sourceTree = BUILT_PRODUCTS_DIR; };
		2E5B4A4710F8646100F0C953 /* util.h */ = {isa = PBXFileReference; fileEncoding = 4; lastKnownFileType = sourcecode.c.h; name = util.h; path = ../../include/util.h; sourceTree = SOURCE_ROOT; };
		2ED7B33310E7879F0080D7C9 /* OpenCV.framework */ = {isa = PBXFileReference; lastKnownFileType = wrapper.framework; name = OpenCV.framework; path = Library/Frameworks/OpenCV.framework; sourceTree = SDKROOT; };
		2ED7B34910E788300080D7C9 /* parameters.h */ = {isa = PBXFileReference; fileEncoding = 4; lastKnownFileType = sourcecode.c.h; name = parameters.h; path = ../../include/parameters.h; sourceTree = "<group>"; };
		2ED7B35110E788BF0080D7C9 /* gen_neg */ = {isa = PBXFileReference; explicitFileType = "compiled.mach-o.executable"; includeInIndex = 0; path = gen_neg; sourceTree = BUILT_PRODUCTS_DIR; };
		2ED7B35610E7891B0080D7C9 /* gen_neg.cpp */ = {isa = PBXFileReference; fileEncoding = 4; lastKnownFileType = sourcecode.cpp.cpp; name = gen_neg.cpp; path = ../../src/gen_neg.cpp; sourceTree = SOURCE_ROOT; };
		C6859E8B029090EE04C91782 /* mac.1 */ = {isa = PBXFileReference; lastKnownFileType = text.man; path = mac.1; sourceTree = "<group>"; };
/* End PBXFileReference section */

/* Begin PBXFrameworksBuildPhase section */
		2E49E109110D797700176010 /* Frameworks */ = {
			isa = PBXFrameworksBuildPhase;
			buildActionMask = 2147483647;
			files = (
				2E49E110110D799F00176010 /* OpenCV.framework in Frameworks */,
			);
			runOnlyForDeploymentPostprocessing = 0;
		};
		2ED7B34F10E788BF0080D7C9 /* Frameworks */ = {
			isa = PBXFrameworksBuildPhase;
			buildActionMask = 2147483647;
			files = (
				2ED7B35810E7893A0080D7C9 /* OpenCV.framework in Frameworks */,
			);
			runOnlyForDeploymentPostprocessing = 0;
		};
/* End PBXFrameworksBuildPhase section */

/* Begin PBXGroup section */
		08FB7794FE84155DC02AAC07 /* mac */ = {
			isa = PBXGroup;
			children = (
				08FB7795FE84155DC02AAC07 /* Source */,
				2ED7B34810E788070080D7C9 /* Headers */,
				C6859E8C029090F304C91782 /* Documentation */,
				1AB674ADFE9D54B511CA2CBB /* Products */,
				2ED7B33310E7879F0080D7C9 /* OpenCV.framework */,
			);
			name = mac;
			sourceTree = "<group>";
		};
		08FB7795FE84155DC02AAC07 /* Source */ = {
			isa = PBXGroup;
			children = (
				2ED7B35610E7891B0080D7C9 /* gen_neg.cpp */,
				2E0180FC10F8586A00978B21 /* util.cpp */,
				2E3CBDF810E8EB05004F7109 /* extract.cpp */,
				2E3CBEB110E8F596004F7109 /* train.cpp */,
				2E3CBEB010E8F596004F7109 /* adaboost.cpp */,
			);
			name = Source;
			sourceTree = "<group>";
		};
		1AB674ADFE9D54B511CA2CBB /* Products */ = {
			isa = PBXGroup;
			children = (
				2ED7B35110E788BF0080D7C9 /* gen_neg */,
				2E49E10B110D797700176010 /* train */,
			);
			name = Products;
			sourceTree = "<group>";
		};
		2ED7B34810E788070080D7C9 /* Headers */ = {
			isa = PBXGroup;
			children = (
				2E37465F10FB6E4400C1DC11 /* adaboost.h */,
				2E3CBE0F10E8EC2D004F7109 /* extract.h */,
				2E5B4A4710F8646100F0C953 /* util.h */,
				2ED7B34910E788300080D7C9 /* parameters.h */,
			);
			name = Headers;
			sourceTree = "<group>";
		};
		C6859E8C029090F304C91782 /* Documentation */ = {
			isa = PBXGroup;
			children = (
				C6859E8B029090EE04C91782 /* mac.1 */,
			);
			name = Documentation;
			sourceTree = "<group>";
		};
/* End PBXGroup section */

/* Begin PBXNativeTarget section */
		2E49E10A110D797700176010 /* train */ = {
			isa = PBXNativeTarget;
			buildConfigurationList = 2E49E10F110D799600176010 /* Build configuration list for PBXNativeTarget "train" */;
			buildPhases = (
				2E49E108110D797700176010 /* Sources */,
				2E49E109110D797700176010 /* Frameworks */,
			);
			buildRules = (
			);
			dependencies = (
			);
			name = train;
			productName = train;
			productReference = 2E49E10B110D797700176010 /* train */;
			productType = "com.apple.product-type.tool";
		};
		2ED7B35010E788BF0080D7C9 /* gen_neg */ = {
			isa = PBXNativeTarget;
			buildConfigurationList = 2ED7B35510E788DD0080D7C9 /* Build configuration list for PBXNativeTarget "gen_neg" */;
			buildPhases = (
				2ED7B34E10E788BF0080D7C9 /* Sources */,
				2ED7B34F10E788BF0080D7C9 /* Frameworks */,
			);
			buildRules = (
			);
			dependencies = (
			);
			name = gen_neg;
			productName = gen_neg;
			productReference = 2ED7B35110E788BF0080D7C9 /* gen_neg */;
			productType = "com.apple.product-type.tool";
		};
/* End PBXNativeTarget section */

/* Begin PBXProject section */
		08FB7793FE84155DC02AAC07 /* Project object */ = {
			isa = PBXProject;
			buildConfigurationList = 1DEB923508733DC60010E9CD /* Build configuration list for PBXProject "mac" */;
			compatibilityVersion = "Xcode 3.1";
			hasScannedForEncodings = 1;
			mainGroup = 08FB7794FE84155DC02AAC07 /* mac */;
			projectDirPath = "";
			projectRoot = ../../;
			targets = (
				2ED7B35010E788BF0080D7C9 /* gen_neg */,
				2E49E10A110D797700176010 /* train */,
			);
		};
/* End PBXProject section */

/* Begin PBXSourcesBuildPhase section */
		2E49E108110D797700176010 /* Sources */ = {
			isa = PBXSourcesBuildPhase;
			buildActionMask = 2147483647;
			files = (
				2E49E129110D79B300176010 /* util.cpp in Sources */,
				2E49E12A110D79B300176010 /* extract.cpp in Sources */,
				2E49E12B110D79B300176010 /* train.cpp in Sources */,
				2E49E12C110D79B300176010 /* adaboost.cpp in Sources */,
			);
			runOnlyForDeploymentPostprocessing = 0;
		};
		2ED7B34E10E788BF0080D7C9 /* Sources */ = {
			isa = PBXSourcesBuildPhase;
			buildActionMask = 2147483647;
			files = (
				2ED7B37310E78A500080D7C9 /* gen_neg.cpp in Sources */,
			);
			runOnlyForDeploymentPostprocessing = 0;
		};
/* End PBXSourcesBuildPhase section */

/* Begin XCBuildConfiguration section */
		1DEB923608733DC60010E9CD /* Debug */ = {
			isa = XCBuildConfiguration;
			buildSettings = {
				ARCHS = "$(ARCHS_STANDARD_32_64_BIT)";
				CONFIGURATION_BUILD_DIR = ../../bin/mac;
				FRAMEWORK_SEARCH_PATHS = "/Library/Frameworks//**";
				GCC_C_LANGUAGE_STANDARD = gnu99;
				GCC_OPTIMIZATION_LEVEL = 0;
				GCC_WARN_ABOUT_RETURN_TYPE = YES;
				GCC_WARN_UNUSED_VARIABLE = YES;
				HEADER_SEARCH_PATHS = "/Library/Frameworks/OpenCV.framework/Headers//**";
				ONLY_ACTIVE_ARCH = YES;
				PREBINDING = NO;
				SDKROOT = macosx10.6;
			};
			name = Debug;
		};
		1DEB923708733DC60010E9CD /* Release */ = {
			isa = XCBuildConfiguration;
			buildSettings = {
				ARCHS = "$(ARCHS_STANDARD_32_64_BIT)";
				GCC_C_LANGUAGE_STANDARD = gnu99;
				GCC_WARN_ABOUT_RETURN_TYPE = YES;
				GCC_WARN_UNUSED_VARIABLE = YES;
				PREBINDING = NO;
				SDKROOT = macosx10.6;
			};
			name = Release;
		};
		2E49E10D110D797700176010 /* Debug */ = {
			isa = XCBuildConfiguration;
			buildSettings = {
				ALWAYS_SEARCH_USER_PATHS = NO;
				COPY_PHASE_STRIP = NO;
				GCC_DYNAMIC_NO_PIC = NO;
				GCC_ENABLE_FIX_AND_CONTINUE = YES;
				GCC_MODEL_TUNING = G5;
				GCC_OPTIMIZATION_LEVEL = 0;
				INSTALL_PATH = /usr/local/bin;
				PREBINDING = NO;
				PRODUCT_NAME = train;
			};
			name = Debug;
		};
		2E49E10E110D797700176010 /* Release */ = {
			isa = XCBuildConfiguration;
			buildSettings = {
				ALWAYS_SEARCH_USER_PATHS = NO;
				COPY_PHASE_STRIP = YES;
				DEBUG_INFORMATION_FORMAT = "dwarf-with-dsym";
				GCC_ENABLE_FIX_AND_CONTINUE = NO;
				GCC_MODEL_TUNING = G5;
				INSTALL_PATH = /usr/local/bin;
				PREBINDING = NO;
				PRODUCT_NAME = train;
				ZERO_LINK = NO;
			};
			name = Release;
		};
		2ED7B35310E788BF0080D7C9 /* Debug */ = {
			isa = XCBuildConfiguration;
			buildSettings = {
				ALWAYS_SEARCH_USER_PATHS = NO;
				COPY_PHASE_STRIP = NO;
				GCC_DYNAMIC_NO_PIC = NO;
				GCC_ENABLE_FIX_AND_CONTINUE = YES;
				GCC_MODEL_TUNING = G5;
				GCC_OPTIMIZATION_LEVEL = 0;
				INSTALL_PATH = /usr/local/bin;
				PREBINDING = NO;
				PRODUCT_NAME = gen_neg;
			};
			name = Debug;
		};
		2ED7B35410E788BF0080D7C9 /* Release */ = {
			isa = XCBuildConfiguration;
			buildSettings = {
				ALWAYS_SEARCH_USER_PATHS = NO;
				COPY_PHASE_STRIP = YES;
				DEBUG_INFORMATION_FORMAT = "dwarf-with-dsym";
				GCC_ENABLE_FIX_AND_CONTINUE = NO;
				GCC_MODEL_TUNING = G5;
				INSTALL_PATH = /usr/local/bin;
				PREBINDING = NO;
				PRODUCT_NAME = gen_neg;
				ZERO_LINK = NO;
			};
			name = Release;
		};
/* End XCBuildConfiguration section */

/* Begin XCConfigurationList section */
		1DEB923508733DC60010E9CD /* Build configuration list for PBXProject "mac" */ = {
			isa = XCConfigurationList;
			buildConfigurations = (
				1DEB923608733DC60010E9CD /* Debug */,
				1DEB923708733DC60010E9CD /* Release */,
			);
			defaultConfigurationIsVisible = 0;
			defaultConfigurationName = Release;
		};
		2E49E10F110D799600176010 /* Build configuration list for PBXNativeTarget "train" */ = {
			isa = XCConfigurationList;
			buildConfigurations = (
				2E49E10D110D797700176010 /* Debug */,
				2E49E10E110D797700176010 /* Release */,
			);
			defaultConfigurationIsVisible = 0;
			defaultConfigurationName = Release;
		};
		2ED7B35510E788DD0080D7C9 /* Build configuration list for PBXNativeTarget "gen_neg" */ = {
			isa = XCConfigurationList;
			buildConfigurations = (
				2ED7B35310E788BF0080D7C9 /* Debug */,
				2ED7B35410E788BF0080D7C9 /* Release */,
			);
			defaultConfigurationIsVisible = 0;
			defaultConfigurationName = Release;
		};
/* End XCConfigurationList section */
	};
	rootObject = 08FB7793FE84155DC02AAC07 /* Project object */;
}
